
Microsoft Visual Studio Solution File, Format Version 12.00
# Visual Studio Version 16
VisualStudioVersion = 16.0.35229.62
MinimumVisualStudioVersion = 10.0.40219.1
Project("{FAE04EC0-301F-11D3-BF4B-00C04F79EFBC}") = "quanlybanhang", "quanlybanhang\quanlybanhang.csproj", "{4ACF4A34-FCF3-403D-AD34-DCA6333C050D}"
EndProject
Global
	GlobalSection(SolutionConfigurationPlatforms) = preSolution
		Debug|Any CPU = Debug|Any CPU
		Release|Any CPU = Release|Any CPU
	EndGlobalSection
	GlobalSection(ProjectConfigurationPlatforms) = postSolution
		{4ACF4A34-FCF3-403D-AD34-DCA6333C050D}.Debug|Any CPU.ActiveCfg = Debug|Any CPU
		{4ACF4A34-FCF3-403D-AD34-DCA6333C050D}.Debug|Any CPU.Build.0 = Debug|Any CPU
		{4ACF4A34-FCF3-403D-AD34-DCA6333C050D}.Release|Any CPU.ActiveCfg = Release|Any CPU
		{4ACF4A34-FCF3-403D-AD34-DCA6333C050D}.Release|Any CPU.Build.0 = Release|Any CPU
	EndGlobalSection
	GlobalSection(SolutionProperties) = preSolution
		HideSolutionNode = FALSE
	EndGlobalSection
	GlobalSection(ExtensibilityGlobals) = postSolution
		SolutionGuid = {8CBDD90D-C84C-4EBC-82F4-07F17B270E66}
	EndGlobalSection
EndGlobal
